
Microsoft Visual Studio Solution File, Format Version 12.00
# Visual Studio Version 17
VisualStudioVersion = 17.13.35806.99 d17.13
MinimumVisualStudioVersion = 10.0.40219.1
Project("{FAE04EC0-301F-11D3-BF4B-00C04F79EFBC}") = "TP3-08", "TP3-08.csproj", "{2C2C136B-B434-4678-A329-F3C5825D0AB1}"
EndProject
Global
	GlobalSection(SolutionConfigurationPlatforms) = preSolution
		Debug|Any CPU = Debug|Any CPU
		Release|Any CPU = Release|Any CPU
	EndGlobalSection
	GlobalSection(ProjectConfigurationPlatforms) = postSolution
		{2C2C136B-B434-4678-A329-F3C5825D0AB1}.Debug|Any CPU.ActiveCfg = Debug|Any CPU
		{2C2C136B-B434-4678-A329-F3C5825D0AB1}.Debug|Any CPU.Build.0 = Debug|Any CPU
		{2C2C136B-B434-4678-A329-F3C5825D0AB1}.Release|Any CPU.ActiveCfg = Release|Any CPU
		{2C2C136B-B434-4678-A329-F3C5825D0AB1}.Release|Any CPU.Build.0 = Release|Any CPU
	EndGlobalSection
	GlobalSection(SolutionProperties) = preSolution
		HideSolutionNode = FALSE
	EndGlobalSection
	GlobalSection(ExtensibilityGlobals) = postSolution
		SolutionGuid = {6F62345D-75EA-4ACB-91AF-579AD1086D95}
	EndGlobalSection
EndGlobal
