
Microsoft Visual Studio Solution File, Format Version 12.00
# Visual Studio Version 17
VisualStudioVersion = 17.13.35806.99 d17.13
MinimumVisualStudioVersion = 10.0.40219.1
Project("{FAE04EC0-301F-11D3-BF4B-00C04F79EFBC}") = "TP3-09", "TP3-09.csproj", "{D033D756-F2C7-4989-B56C-F9F210FFCD1C}"
EndProject
Global
	GlobalSection(SolutionConfigurationPlatforms) = preSolution
		Debug|Any CPU = Debug|Any CPU
		Release|Any CPU = Release|Any CPU
	EndGlobalSection
	GlobalSection(ProjectConfigurationPlatforms) = postSolution
		{D033D756-F2C7-4989-B56C-F9F210FFCD1C}.Debug|Any CPU.ActiveCfg = Debug|Any CPU
		{D033D756-F2C7-4989-B56C-F9F210FFCD1C}.Debug|Any CPU.Build.0 = Debug|Any CPU
		{D033D756-F2C7-4989-B56C-F9F210FFCD1C}.Release|Any CPU.ActiveCfg = Release|Any CPU
		{D033D756-F2C7-4989-B56C-F9F210FFCD1C}.Release|Any CPU.Build.0 = Release|Any CPU
	EndGlobalSection
	GlobalSection(SolutionProperties) = preSolution
		HideSolutionNode = FALSE
	EndGlobalSection
	GlobalSection(ExtensibilityGlobals) = postSolution
		SolutionGuid = {A644B7EA-6167-4686-8ED7-F76BCCE7CAC3}
	EndGlobalSection
EndGlobal
