
Microsoft Visual Studio Solution File, Format Version 12.00
# Visual Studio Version 17
VisualStudioVersion = 17.13.35806.99 d17.13
MinimumVisualStudioVersion = 10.0.40219.1
Project("{FAE04EC0-301F-11D3-BF4B-00C04F79EFBC}") = "AT-11", "AT-11.csproj", "{89D74D83-B747-4431-A7F3-67165767A8C7}"
EndProject
Global
	GlobalSection(SolutionConfigurationPlatforms) = preSolution
		Debug|Any CPU = Debug|Any CPU
		Release|Any CPU = Release|Any CPU
	EndGlobalSection
	GlobalSection(ProjectConfigurationPlatforms) = postSolution
		{89D74D83-B747-4431-A7F3-67165767A8C7}.Debug|Any CPU.ActiveCfg = Debug|Any CPU
		{89D74D83-B747-4431-A7F3-67165767A8C7}.Debug|Any CPU.Build.0 = Debug|Any CPU
		{89D74D83-B747-4431-A7F3-67165767A8C7}.Release|Any CPU.ActiveCfg = Release|Any CPU
		{89D74D83-B747-4431-A7F3-67165767A8C7}.Release|Any CPU.Build.0 = Release|Any CPU
	EndGlobalSection
	GlobalSection(SolutionProperties) = preSolution
		HideSolutionNode = FALSE
	EndGlobalSection
	GlobalSection(ExtensibilityGlobals) = postSolution
		SolutionGuid = {2925ACCE-8485-4D3D-99EE-42DF9FCF10E2}
	EndGlobalSection
EndGlobal
