
Microsoft Visual Studio Solution File, Format Version 12.00
# Visual Studio Version 17
VisualStudioVersion = 17.13.35806.99 d17.13
MinimumVisualStudioVersion = 10.0.40219.1
Project("{FAE04EC0-301F-11D3-BF4B-00C04F79EFBC}") = "TP2_05", "TP2_05.csproj", "{EE374918-474A-4B25-AFA8-A72EE9558739}"
EndProject
Global
	GlobalSection(SolutionConfigurationPlatforms) = preSolution
		Debug|Any CPU = Debug|Any CPU
		Release|Any CPU = Release|Any CPU
	EndGlobalSection
	GlobalSection(ProjectConfigurationPlatforms) = postSolution
		{EE374918-474A-4B25-AFA8-A72EE9558739}.Debug|Any CPU.ActiveCfg = Debug|Any CPU
		{EE374918-474A-4B25-AFA8-A72EE9558739}.Debug|Any CPU.Build.0 = Debug|Any CPU
		{EE374918-474A-4B25-AFA8-A72EE9558739}.Release|Any CPU.ActiveCfg = Release|Any CPU
		{EE374918-474A-4B25-AFA8-A72EE9558739}.Release|Any CPU.Build.0 = Release|Any CPU
	EndGlobalSection
	GlobalSection(SolutionProperties) = preSolution
		HideSolutionNode = FALSE
	EndGlobalSection
	GlobalSection(ExtensibilityGlobals) = postSolution
		SolutionGuid = {070E1D88-3D85-475D-BB49-C9E19509F5D4}
	EndGlobalSection
EndGlobal
