
Microsoft Visual Studio Solution File, Format Version 12.00
# Visual Studio Version 17
VisualStudioVersion = 17.13.35806.99 d17.13
MinimumVisualStudioVersion = 10.0.40219.1
Project("{FAE04EC0-301F-11D3-BF4B-00C04F79EFBC}") = "TP3-02", "TP3-02.csproj", "{3AA7838F-24DD-44ED-AD6F-E8E317176BDE}"
EndProject
Global
	GlobalSection(SolutionConfigurationPlatforms) = preSolution
		Debug|Any CPU = Debug|Any CPU
		Release|Any CPU = Release|Any CPU
	EndGlobalSection
	GlobalSection(ProjectConfigurationPlatforms) = postSolution
		{3AA7838F-24DD-44ED-AD6F-E8E317176BDE}.Debug|Any CPU.ActiveCfg = Debug|Any CPU
		{3AA7838F-24DD-44ED-AD6F-E8E317176BDE}.Debug|Any CPU.Build.0 = Debug|Any CPU
		{3AA7838F-24DD-44ED-AD6F-E8E317176BDE}.Release|Any CPU.ActiveCfg = Release|Any CPU
		{3AA7838F-24DD-44ED-AD6F-E8E317176BDE}.Release|Any CPU.Build.0 = Release|Any CPU
	EndGlobalSection
	GlobalSection(SolutionProperties) = preSolution
		HideSolutionNode = FALSE
	EndGlobalSection
	GlobalSection(ExtensibilityGlobals) = postSolution
		SolutionGuid = {8F5D70BD-BF08-4220-B020-305A8E55E3F8}
	EndGlobalSection
EndGlobal
