
Microsoft Visual Studio Solution File, Format Version 12.00
# Visual Studio Version 17
VisualStudioVersion = 17.13.35806.99 d17.13
MinimumVisualStudioVersion = 10.0.40219.1
Project("{FAE04EC0-301F-11D3-BF4B-00C04F79EFBC}") = "TP2-09", "TP2-09.csproj", "{54DD165D-7870-4CFD-80EA-24854530E2C9}"
EndProject
Global
	GlobalSection(SolutionConfigurationPlatforms) = preSolution
		Debug|Any CPU = Debug|Any CPU
		Release|Any CPU = Release|Any CPU
	EndGlobalSection
	GlobalSection(ProjectConfigurationPlatforms) = postSolution
		{54DD165D-7870-4CFD-80EA-24854530E2C9}.Debug|Any CPU.ActiveCfg = Debug|Any CPU
		{54DD165D-7870-4CFD-80EA-24854530E2C9}.Debug|Any CPU.Build.0 = Debug|Any CPU
		{54DD165D-7870-4CFD-80EA-24854530E2C9}.Release|Any CPU.ActiveCfg = Release|Any CPU
		{54DD165D-7870-4CFD-80EA-24854530E2C9}.Release|Any CPU.Build.0 = Release|Any CPU
	EndGlobalSection
	GlobalSection(SolutionProperties) = preSolution
		HideSolutionNode = FALSE
	EndGlobalSection
	GlobalSection(ExtensibilityGlobals) = postSolution
		SolutionGuid = {EAE84ACE-A81F-4C77-A350-B113B01166C3}
	EndGlobalSection
EndGlobal
